
Microsoft Visual Studio Solution File, Format Version 12.00
# Visual Studio 15
Project("{FAE04EC0-301F-11D3-BF4B-00C04F79EFBC}") = "laboratorio-1", "laboratorio-1\laboratorio-1.csproj", "{8D66A802-152B-4E9C-A138-9BA707AD2A3C}"
EndProject
Global
	GlobalSection(SolutionConfigurationPlatforms) = preSolution
		Debug|anycpu = Debug|anycpu
		Release|anycpu = Release|anycpu
	EndGlobalSection
	GlobalSection(ProjectConfigurationPlatforms) = postSolution
		{8D66A802-152B-4E9C-A138-9BA707AD2A3C}.Debug|anycpu.ActiveCfg = Debug|anycpu
		{8D66A802-152B-4E9C-A138-9BA707AD2A3C}.Debug|anycpu.Build.0 = Debug|anycpu
		{8D66A802-152B-4E9C-A138-9BA707AD2A3C}.Release|anycpu.ActiveCfg = Release|anycpu
		{8D66A802-152B-4E9C-A138-9BA707AD2A3C}.Release|anycpu.Build.0 = Release|anycpu
	EndGlobalSection
EndGlobal
